
Microsoft Visual Studio Solution File, Format Version 12.00
# Visual Studio 15
VisualStudioVersion = 15.0.27703.2047
MinimumVisualStudioVersion = 10.0.40219.1
Project("{8BC9CEB8-8B4A-11D0-8D11-00A0C91BC942}") = "lab01", "ch01\lab01\lab01.vcxproj", "{B2A49F60-E0B5-479A-9B90-B01A19F21954}"
EndProject
Project("{8BC9CEB8-8B4A-11D0-8D11-00A0C91BC942}") = "lab02", "ch01\lab02\lab02.vcxproj", "{6BB32134-33E3-4D1F-9966-63EF0D78DEFC}"
EndProject
Project("{8BC9CEB8-8B4A-11D0-8D11-00A0C91BC942}") = "LinkedList1", "ch04\LinkedList1\LinkedList1.vcxproj", "{36FCD600-49D0-4992-90C1-A1E5A2EBF1CF}"
EndProject
Project("{8BC9CEB8-8B4A-11D0-8D11-00A0C91BC942}") = "LinkedListLab", "ch04\LinkedListLab\LinkedListLab.vcxproj", "{D13E96E8-0A4D-45B1-A9D5-5AB63E8D5A89}"
EndProject
Project("{8BC9CEB8-8B4A-11D0-8D11-00A0C91BC942}") = "lab03", "ch01\lab03\lab03.vcxproj", "{380C52A2-7575-461F-9B20-1284BCF7DA29}"
EndProject
Project("{8BC9CEB8-8B4A-11D0-8D11-00A0C91BC942}") = "pset01", "ch01\pset01\pset01.vcxproj", "{07E55D82-5A89-4E4E-B585-95C4BB26775F}"
EndProject
Project("{8BC9CEB8-8B4A-11D0-8D11-00A0C91BC942}") = "pset02", "ch01\pset02\pset02.vcxproj", "{8BD25849-0397-44F7-8972-A1C0D3C46893}"
EndProject
Project("{8BC9CEB8-8B4A-11D0-8D11-00A0C91BC942}") = "pset03b", "ch01\pset03b\pset03b.vcxproj", "{28F9B6A3-0A22-49E1-853E-1E3E2C805AEE}"
EndProject
Project("{8BC9CEB8-8B4A-11D0-8D11-00A0C91BC942}") = "pset03a", "ch01\pset03a\pset03a.vcxproj", "{746788E7-DD3A-49C0-A076-CE0E049DE743}"
EndProject
Project("{8BC9CEB8-8B4A-11D0-8D11-00A0C91BC942}") = "pset03ax", "ch01\pset03ax\pset03ax.vcxproj", "{1DC035EF-E20F-4DAD-93ED-186EF5C997A1}"
EndProject
Project("{8BC9CEB8-8B4A-11D0-8D11-00A0C91BC942}") = "pset03bx", "ch01\pset03bx\pset03bx.vcxproj", "{00734C96-FB19-498A-859A-398EA25EB6E1}"
EndProject
Project("{8BC9CEB8-8B4A-11D0-8D11-00A0C91BC942}") = "nowic", "ch01\nowic\nowic.vcxproj", "{3D206A39-25D7-4D96-B352-63D50DDC3586}"
EndProject
Project("{8BC9CEB8-8B4A-11D0-8D11-00A0C91BC942}") = "lab04", "ch01\lab04\lab04.vcxproj", "{60C70833-B668-4E80-A694-2FED033CE4EA}"
EndProject
Project("{8BC9CEB8-8B4A-11D0-8D11-00A0C91BC942}") = "lab10", "ch01\lab10\lab10.vcxproj", "{571791AA-5858-4140-A143-E8972142B20C}"
EndProject
Project("{8BC9CEB8-8B4A-11D0-8D11-00A0C91BC942}") = "structx", "ch02\structx\structx.vcxproj", "{4C02FB44-FDD5-4D1E-A162-A8DD7D9493C2}"
EndProject
Project("{8BC9CEB8-8B4A-11D0-8D11-00A0C91BC942}") = "testbed", "ch01\testbed\testbed.vcxproj", "{20CA4306-5283-44A6-98F1-E5D46ACEC7CE}"
EndProject
Global
	GlobalSection(SolutionConfigurationPlatforms) = preSolution
		Debug|x64 = Debug|x64
		Debug|x86 = Debug|x86
		Release|x64 = Release|x64
		Release|x86 = Release|x86
	EndGlobalSection
	GlobalSection(ProjectConfigurationPlatforms) = postSolution
		{B2A49F60-E0B5-479A-9B90-B01A19F21954}.Debug|x64.ActiveCfg = Debug|x64
		{B2A49F60-E0B5-479A-9B90-B01A19F21954}.Debug|x64.Build.0 = Debug|x64
		{B2A49F60-E0B5-479A-9B90-B01A19F21954}.Debug|x86.ActiveCfg = Debug|Win32
		{B2A49F60-E0B5-479A-9B90-B01A19F21954}.Debug|x86.Build.0 = Debug|Win32
		{B2A49F60-E0B5-479A-9B90-B01A19F21954}.Release|x64.ActiveCfg = Release|x64
		{B2A49F60-E0B5-479A-9B90-B01A19F21954}.Release|x64.Build.0 = Release|x64
		{B2A49F60-E0B5-479A-9B90-B01A19F21954}.Release|x86.ActiveCfg = Release|Win32
		{B2A49F60-E0B5-479A-9B90-B01A19F21954}.Release|x86.Build.0 = Release|Win32
		{6BB32134-33E3-4D1F-9966-63EF0D78DEFC}.Debug|x64.ActiveCfg = Debug|x64
		{6BB32134-33E3-4D1F-9966-63EF0D78DEFC}.Debug|x64.Build.0 = Debug|x64
		{6BB32134-33E3-4D1F-9966-63EF0D78DEFC}.Debug|x86.ActiveCfg = Debug|Win32
		{6BB32134-33E3-4D1F-9966-63EF0D78DEFC}.Debug|x86.Build.0 = Debug|Win32
		{6BB32134-33E3-4D1F-9966-63EF0D78DEFC}.Release|x64.ActiveCfg = Release|x64
		{6BB32134-33E3-4D1F-9966-63EF0D78DEFC}.Release|x64.Build.0 = Release|x64
		{6BB32134-33E3-4D1F-9966-63EF0D78DEFC}.Release|x86.ActiveCfg = Release|Win32
		{6BB32134-33E3-4D1F-9966-63EF0D78DEFC}.Release|x86.Build.0 = Release|Win32
		{36FCD600-49D0-4992-90C1-A1E5A2EBF1CF}.Debug|x64.ActiveCfg = Debug|x64
		{36FCD600-49D0-4992-90C1-A1E5A2EBF1CF}.Debug|x64.Build.0 = Debug|x64
		{36FCD600-49D0-4992-90C1-A1E5A2EBF1CF}.Debug|x86.ActiveCfg = Debug|Win32
		{36FCD600-49D0-4992-90C1-A1E5A2EBF1CF}.Debug|x86.Build.0 = Debug|Win32
		{36FCD600-49D0-4992-90C1-A1E5A2EBF1CF}.Release|x64.ActiveCfg = Release|x64
		{36FCD600-49D0-4992-90C1-A1E5A2EBF1CF}.Release|x64.Build.0 = Release|x64
		{36FCD600-49D0-4992-90C1-A1E5A2EBF1CF}.Release|x86.ActiveCfg = Release|Win32
		{36FCD600-49D0-4992-90C1-A1E5A2EBF1CF}.Release|x86.Build.0 = Release|Win32
		{D13E96E8-0A4D-45B1-A9D5-5AB63E8D5A89}.Debug|x64.ActiveCfg = Debug|x64
		{D13E96E8-0A4D-45B1-A9D5-5AB63E8D5A89}.Debug|x64.Build.0 = Debug|x64
		{D13E96E8-0A4D-45B1-A9D5-5AB63E8D5A89}.Debug|x86.ActiveCfg = Debug|Win32
		{D13E96E8-0A4D-45B1-A9D5-5AB63E8D5A89}.Debug|x86.Build.0 = Debug|Win32
		{D13E96E8-0A4D-45B1-A9D5-5AB63E8D5A89}.Release|x64.ActiveCfg = Release|x64
		{D13E96E8-0A4D-45B1-A9D5-5AB63E8D5A89}.Release|x64.Build.0 = Release|x64
		{D13E96E8-0A4D-45B1-A9D5-5AB63E8D5A89}.Release|x86.ActiveCfg = Release|Win32
		{D13E96E8-0A4D-45B1-A9D5-5AB63E8D5A89}.Release|x86.Build.0 = Release|Win32
		{380C52A2-7575-461F-9B20-1284BCF7DA29}.Debug|x64.ActiveCfg = Debug|x64
		{380C52A2-7575-461F-9B20-1284BCF7DA29}.Debug|x64.Build.0 = Debug|x64
		{380C52A2-7575-461F-9B20-1284BCF7DA29}.Debug|x86.ActiveCfg = Debug|Win32
		{380C52A2-7575-461F-9B20-1284BCF7DA29}.Debug|x86.Build.0 = Debug|Win32
		{380C52A2-7575-461F-9B20-1284BCF7DA29}.Release|x64.ActiveCfg = Release|x64
		{380C52A2-7575-461F-9B20-1284BCF7DA29}.Release|x64.Build.0 = Release|x64
		{380C52A2-7575-461F-9B20-1284BCF7DA29}.Release|x86.ActiveCfg = Release|Win32
		{380C52A2-7575-461F-9B20-1284BCF7DA29}.Release|x86.Build.0 = Release|Win32
		{07E55D82-5A89-4E4E-B585-95C4BB26775F}.Debug|x64.ActiveCfg = Debug|x64
		{07E55D82-5A89-4E4E-B585-95C4BB26775F}.Debug|x64.Build.0 = Debug|x64
		{07E55D82-5A89-4E4E-B585-95C4BB26775F}.Debug|x86.ActiveCfg = Debug|Win32
		{07E55D82-5A89-4E4E-B585-95C4BB26775F}.Debug|x86.Build.0 = Debug|Win32
		{07E55D82-5A89-4E4E-B585-95C4BB26775F}.Release|x64.ActiveCfg = Release|x64
		{07E55D82-5A89-4E4E-B585-95C4BB26775F}.Release|x64.Build.0 = Release|x64
		{07E55D82-5A89-4E4E-B585-95C4BB26775F}.Release|x86.ActiveCfg = Release|Win32
		{07E55D82-5A89-4E4E-B585-95C4BB26775F}.Release|x86.Build.0 = Release|Win32
		{8BD25849-0397-44F7-8972-A1C0D3C46893}.Debug|x64.ActiveCfg = Debug|x64
		{8BD25849-0397-44F7-8972-A1C0D3C46893}.Debug|x64.Build.0 = Debug|x64
		{8BD25849-0397-44F7-8972-A1C0D3C46893}.Debug|x86.ActiveCfg = Debug|Win32
		{8BD25849-0397-44F7-8972-A1C0D3C46893}.Debug|x86.Build.0 = Debug|Win32
		{8BD25849-0397-44F7-8972-A1C0D3C46893}.Release|x64.ActiveCfg = Release|x64
		{8BD25849-0397-44F7-8972-A1C0D3C46893}.Release|x64.Build.0 = Release|x64
		{8BD25849-0397-44F7-8972-A1C0D3C46893}.Release|x86.ActiveCfg = Release|Win32
		{8BD25849-0397-44F7-8972-A1C0D3C46893}.Release|x86.Build.0 = Release|Win32
		{28F9B6A3-0A22-49E1-853E-1E3E2C805AEE}.Debug|x64.ActiveCfg = Debug|x64
		{28F9B6A3-0A22-49E1-853E-1E3E2C805AEE}.Debug|x64.Build.0 = Debug|x64
		{28F9B6A3-0A22-49E1-853E-1E3E2C805AEE}.Debug|x86.ActiveCfg = Debug|Win32
		{28F9B6A3-0A22-49E1-853E-1E3E2C805AEE}.Debug|x86.Build.0 = Debug|Win32
		{28F9B6A3-0A22-49E1-853E-1E3E2C805AEE}.Release|x64.ActiveCfg = Release|x64
		{28F9B6A3-0A22-49E1-853E-1E3E2C805AEE}.Release|x64.Build.0 = Release|x64
		{28F9B6A3-0A22-49E1-853E-1E3E2C805AEE}.Release|x86.ActiveCfg = Release|Win32
		{28F9B6A3-0A22-49E1-853E-1E3E2C805AEE}.Release|x86.Build.0 = Release|Win32
		{746788E7-DD3A-49C0-A076-CE0E049DE743}.Debug|x64.ActiveCfg = Debug|x64
		{746788E7-DD3A-49C0-A076-CE0E049DE743}.Debug|x64.Build.0 = Debug|x64
		{746788E7-DD3A-49C0-A076-CE0E049DE743}.Debug|x86.ActiveCfg = Debug|Win32
		{746788E7-DD3A-49C0-A076-CE0E049DE743}.Debug|x86.Build.0 = Debug|Win32
		{746788E7-DD3A-49C0-A076-CE0E049DE743}.Release|x64.ActiveCfg = Release|x64
		{746788E7-DD3A-49C0-A076-CE0E049DE743}.Release|x64.Build.0 = Release|x64
		{746788E7-DD3A-49C0-A076-CE0E049DE743}.Release|x86.ActiveCfg = Release|Win32
		{746788E7-DD3A-49C0-A076-CE0E049DE743}.Release|x86.Build.0 = Release|Win32
		{1DC035EF-E20F-4DAD-93ED-186EF5C997A1}.Debug|x64.ActiveCfg = Debug|x64
		{1DC035EF-E20F-4DAD-93ED-186EF5C997A1}.Debug|x64.Build.0 = Debug|x64
		{1DC035EF-E20F-4DAD-93ED-186EF5C997A1}.Debug|x86.ActiveCfg = Debug|Win32
		{1DC035EF-E20F-4DAD-93ED-186EF5C997A1}.Debug|x86.Build.0 = Debug|Win32
		{1DC035EF-E20F-4DAD-93ED-186EF5C997A1}.Release|x64.ActiveCfg = Release|x64
		{1DC035EF-E20F-4DAD-93ED-186EF5C997A1}.Release|x64.Build.0 = Release|x64
		{1DC035EF-E20F-4DAD-93ED-186EF5C997A1}.Release|x86.ActiveCfg = Release|Win32
		{1DC035EF-E20F-4DAD-93ED-186EF5C997A1}.Release|x86.Build.0 = Release|Win32
		{00734C96-FB19-498A-859A-398EA25EB6E1}.Debug|x64.ActiveCfg = Debug|x64
		{00734C96-FB19-498A-859A-398EA25EB6E1}.Debug|x64.Build.0 = Debug|x64
		{00734C96-FB19-498A-859A-398EA25EB6E1}.Debug|x86.ActiveCfg = Debug|Win32
		{00734C96-FB19-498A-859A-398EA25EB6E1}.Debug|x86.Build.0 = Debug|Win32
		{00734C96-FB19-498A-859A-398EA25EB6E1}.Release|x64.ActiveCfg = Release|x64
		{00734C96-FB19-498A-859A-398EA25EB6E1}.Release|x64.Build.0 = Release|x64
		{00734C96-FB19-498A-859A-398EA25EB6E1}.Release|x86.ActiveCfg = Release|Win32
		{00734C96-FB19-498A-859A-398EA25EB6E1}.Release|x86.Build.0 = Release|Win32
		{3D206A39-25D7-4D96-B352-63D50DDC3586}.Debug|x64.ActiveCfg = Debug|x64
		{3D206A39-25D7-4D96-B352-63D50DDC3586}.Debug|x64.Build.0 = Debug|x64
		{3D206A39-25D7-4D96-B352-63D50DDC3586}.Debug|x86.ActiveCfg = Debug|Win32
		{3D206A39-25D7-4D96-B352-63D50DDC3586}.Debug|x86.Build.0 = Debug|Win32
		{3D206A39-25D7-4D96-B352-63D50DDC3586}.Release|x64.ActiveCfg = Release|x64
		{3D206A39-25D7-4D96-B352-63D50DDC3586}.Release|x64.Build.0 = Release|x64
		{3D206A39-25D7-4D96-B352-63D50DDC3586}.Release|x86.ActiveCfg = Release|Win32
		{3D206A39-25D7-4D96-B352-63D50DDC3586}.Release|x86.Build.0 = Release|Win32
		{60C70833-B668-4E80-A694-2FED033CE4EA}.Debug|x64.ActiveCfg = Debug|x64
		{60C70833-B668-4E80-A694-2FED033CE4EA}.Debug|x64.Build.0 = Debug|x64
		{60C70833-B668-4E80-A694-2FED033CE4EA}.Debug|x86.ActiveCfg = Debug|Win32
		{60C70833-B668-4E80-A694-2FED033CE4EA}.Debug|x86.Build.0 = Debug|Win32
		{60C70833-B668-4E80-A694-2FED033CE4EA}.Release|x64.ActiveCfg = Release|x64
		{60C70833-B668-4E80-A694-2FED033CE4EA}.Release|x64.Build.0 = Release|x64
		{60C70833-B668-4E80-A694-2FED033CE4EA}.Release|x86.ActiveCfg = Release|Win32
		{60C70833-B668-4E80-A694-2FED033CE4EA}.Release|x86.Build.0 = Release|Win32
		{571791AA-5858-4140-A143-E8972142B20C}.Debug|x64.ActiveCfg = Debug|x64
		{571791AA-5858-4140-A143-E8972142B20C}.Debug|x64.Build.0 = Debug|x64
		{571791AA-5858-4140-A143-E8972142B20C}.Debug|x86.ActiveCfg = Debug|Win32
		{571791AA-5858-4140-A143-E8972142B20C}.Debug|x86.Build.0 = Debug|Win32
		{571791AA-5858-4140-A143-E8972142B20C}.Release|x64.ActiveCfg = Release|x64
		{571791AA-5858-4140-A143-E8972142B20C}.Release|x64.Build.0 = Release|x64
		{571791AA-5858-4140-A143-E8972142B20C}.Release|x86.ActiveCfg = Release|Win32
		{571791AA-5858-4140-A143-E8972142B20C}.Release|x86.Build.0 = Release|Win32
		{4C02FB44-FDD5-4D1E-A162-A8DD7D9493C2}.Debug|x64.ActiveCfg = Debug|x64
		{4C02FB44-FDD5-4D1E-A162-A8DD7D9493C2}.Debug|x64.Build.0 = Debug|x64
		{4C02FB44-FDD5-4D1E-A162-A8DD7D9493C2}.Debug|x86.ActiveCfg = Debug|Win32
		{4C02FB44-FDD5-4D1E-A162-A8DD7D9493C2}.Debug|x86.Build.0 = Debug|Win32
		{4C02FB44-FDD5-4D1E-A162-A8DD7D9493C2}.Release|x64.ActiveCfg = Release|x64
		{4C02FB44-FDD5-4D1E-A162-A8DD7D9493C2}.Release|x64.Build.0 = Release|x64
		{4C02FB44-FDD5-4D1E-A162-A8DD7D9493C2}.Release|x86.ActiveCfg = Release|Win32
		{4C02FB44-FDD5-4D1E-A162-A8DD7D9493C2}.Release|x86.Build.0 = Release|Win32
		{20CA4306-5283-44A6-98F1-E5D46ACEC7CE}.Debug|x64.ActiveCfg = Debug|x64
		{20CA4306-5283-44A6-98F1-E5D46ACEC7CE}.Debug|x64.Build.0 = Debug|x64
		{20CA4306-5283-44A6-98F1-E5D46ACEC7CE}.Debug|x86.ActiveCfg = Debug|Win32
		{20CA4306-5283-44A6-98F1-E5D46ACEC7CE}.Debug|x86.Build.0 = Debug|Win32
		{20CA4306-5283-44A6-98F1-E5D46ACEC7CE}.Release|x64.ActiveCfg = Release|x64
		{20CA4306-5283-44A6-98F1-E5D46ACEC7CE}.Release|x64.Build.0 = Release|x64
		{20CA4306-5283-44A6-98F1-E5D46ACEC7CE}.Release|x86.ActiveCfg = Release|Win32
		{20CA4306-5283-44A6-98F1-E5D46ACEC7CE}.Release|x86.Build.0 = Release|Win32
	EndGlobalSection
	GlobalSection(SolutionProperties) = preSolution
		HideSolutionNode = FALSE
	EndGlobalSection
	GlobalSection(ExtensibilityGlobals) = postSolution
		SolutionGuid = {5CDCCFEE-23E3-40FB-87D4-AB8F16B8E72D}
	EndGlobalSection
EndGlobal
